{
  "object": {
    "pins": [
      {
        "package": "CryptoSwift",
        "repositoryURL": "https://github.com/krzyzanowskim/CryptoSwift.git",
        "state": {
          "branch": null,
          "revision": "4e31051c63cc0ddf10a25cf5318856c510cf77f4",
          "version": "1.4.0"
        }
      },
      {
        "package": "HiWifiCore",
        "repositoryURL": "https://github.com/WIFI-Connect/HiWifiCore_iOS.git",
        "state": {
          "branch": null,
          "revision": "cf82c087bb42e57346bf3fb9dad0261752a5133a",
          "version": "1.0.2"
        }
      }
    ]
  },
  "version": 1
}
